
Microsoft Visual Studio Solution File, Format Version 12.00
# Visual Studio 2012
Project("{FAE04EC0-301F-11D3-BF4B-00C04F79EFBC}") = "MvcApplication1", "MvcApplication1\MvcApplication1.csproj", "{8E092D61-F68A-444D-A18A-5F2A8F6DF362}"
EndProject
Project("{FAE04EC0-301F-11D3-BF4B-00C04F79EFBC}") = "WindowsService1", "WindowsService1\WindowsService1.csproj", "{739A2843-DFF3-4277-9D1D-976E634C44C5}"
EndProject
Global
	GlobalSection(SolutionConfigurationPlatforms) = preSolution
		Debug|Any CPU = Debug|Any CPU
		Release|Any CPU = Release|Any CPU
	EndGlobalSection
	GlobalSection(ProjectConfigurationPlatforms) = postSolution
		{8E092D61-F68A-444D-A18A-5F2A8F6DF362}.Debug|Any CPU.ActiveCfg = Debug|Any CPU
		{8E092D61-F68A-444D-A18A-5F2A8F6DF362}.Debug|Any CPU.Build.0 = Debug|Any CPU
		{8E092D61-F68A-444D-A18A-5F2A8F6DF362}.Release|Any CPU.ActiveCfg = Release|Any CPU
		{8E092D61-F68A-444D-A18A-5F2A8F6DF362}.Release|Any CPU.Build.0 = Release|Any CPU
		{739A2843-DFF3-4277-9D1D-976E634C44C5}.Debug|Any CPU.ActiveCfg = Debug|Any CPU
		{739A2843-DFF3-4277-9D1D-976E634C44C5}.Debug|Any CPU.Build.0 = Debug|Any CPU
		{739A2843-DFF3-4277-9D1D-976E634C44C5}.Release|Any CPU.ActiveCfg = Release|Any CPU
		{739A2843-DFF3-4277-9D1D-976E634C44C5}.Release|Any CPU.Build.0 = Release|Any CPU
	EndGlobalSection
	GlobalSection(SolutionProperties) = preSolution
		HideSolutionNode = FALSE
	EndGlobalSection
EndGlobal
